
Microsoft Visual Studio Solution File, Format Version 12.00
# Visual Studio Version 17
VisualStudioVersion = 17.8.34316.72
MinimumVisualStudioVersion = 10.0.40219.1
Project("{9A19103F-16F7-4668-BE54-9A1E7A4F7556}") = "Application", "API\Application.csproj", "{9E7E9020-0846-4033-9087-A133BED8B81C}"
EndProject
Project("{9A19103F-16F7-4668-BE54-9A1E7A4F7556}") = "Service", "Service\Service.csproj", "{5B18EE39-6BF1-4CE2-BB74-6C85E77ECB95}"
EndProject
Project("{9A19103F-16F7-4668-BE54-9A1E7A4F7556}") = "Domain", "Domain\Domain.csproj", "{51392658-8782-4728-9AF2-1530E5D6F7DE}"
EndProject
Project("{9A19103F-16F7-4668-BE54-9A1E7A4F7556}") = "Data", "Data\Data.csproj", "{77177593-60B1-45C9-98A3-57A8A528601C}"
EndProject
Project("{9A19103F-16F7-4668-BE54-9A1E7A4F7556}") = "CrossCutting", "CrossCutting\CrossCutting.csproj", "{0CBE91A2-28D5-48CC-AC25-FA5B3C9977B0}"
EndProject
Project("{9A19103F-16F7-4668-BE54-9A1E7A4F7556}") = "Data.Test", "Api.Data.Test\Data.Test.csproj", "{201F495D-DCB5-4442-A830-D19DFCE1ACC4}"
EndProject
Project("{2150E333-8FDC-42A3-9474-1A3956D46DE8}") = "Unit Tests", "Unit Tests", "{8671236F-8E4A-4BF4-A930-0A6586A85C09}"
EndProject
Project("{9A19103F-16F7-4668-BE54-9A1E7A4F7556}") = "Service.Test", "Service.Test\Service.Test.csproj", "{61076DDB-E3D3-4636-A1F2-91821590019F}"
EndProject
Project("{FAE04EC0-301F-11D3-BF4B-00C04F79EFBC}") = "Application.Test", "Application.Test\Application.Test.csproj", "{2FFAEA61-DF7C-4050-A792-B3567263D20D}"
EndProject
Project("{FAE04EC0-301F-11D3-BF4B-00C04F79EFBC}") = "Integration.Test", "Integration.Test\Integration.Test.csproj", "{8128A3AC-C388-4B11-9BD9-D3F47DA7C2E7}"
EndProject
Global
	GlobalSection(SolutionConfigurationPlatforms) = preSolution
		Debug|Any CPU = Debug|Any CPU
		Release|Any CPU = Release|Any CPU
	EndGlobalSection
	GlobalSection(ProjectConfigurationPlatforms) = postSolution
		{9E7E9020-0846-4033-9087-A133BED8B81C}.Debug|Any CPU.ActiveCfg = Debug|Any CPU
		{9E7E9020-0846-4033-9087-A133BED8B81C}.Debug|Any CPU.Build.0 = Debug|Any CPU
		{9E7E9020-0846-4033-9087-A133BED8B81C}.Release|Any CPU.ActiveCfg = Release|Any CPU
		{9E7E9020-0846-4033-9087-A133BED8B81C}.Release|Any CPU.Build.0 = Release|Any CPU
		{5B18EE39-6BF1-4CE2-BB74-6C85E77ECB95}.Debug|Any CPU.ActiveCfg = Debug|Any CPU
		{5B18EE39-6BF1-4CE2-BB74-6C85E77ECB95}.Debug|Any CPU.Build.0 = Debug|Any CPU
		{5B18EE39-6BF1-4CE2-BB74-6C85E77ECB95}.Release|Any CPU.ActiveCfg = Release|Any CPU
		{5B18EE39-6BF1-4CE2-BB74-6C85E77ECB95}.Release|Any CPU.Build.0 = Release|Any CPU
		{51392658-8782-4728-9AF2-1530E5D6F7DE}.Debug|Any CPU.ActiveCfg = Debug|Any CPU
		{51392658-8782-4728-9AF2-1530E5D6F7DE}.Debug|Any CPU.Build.0 = Debug|Any CPU
		{51392658-8782-4728-9AF2-1530E5D6F7DE}.Release|Any CPU.ActiveCfg = Release|Any CPU
		{51392658-8782-4728-9AF2-1530E5D6F7DE}.Release|Any CPU.Build.0 = Release|Any CPU
		{77177593-60B1-45C9-98A3-57A8A528601C}.Debug|Any CPU.ActiveCfg = Debug|Any CPU
		{77177593-60B1-45C9-98A3-57A8A528601C}.Debug|Any CPU.Build.0 = Debug|Any CPU
		{77177593-60B1-45C9-98A3-57A8A528601C}.Release|Any CPU.ActiveCfg = Release|Any CPU
		{77177593-60B1-45C9-98A3-57A8A528601C}.Release|Any CPU.Build.0 = Release|Any CPU
		{0CBE91A2-28D5-48CC-AC25-FA5B3C9977B0}.Debug|Any CPU.ActiveCfg = Debug|Any CPU
		{0CBE91A2-28D5-48CC-AC25-FA5B3C9977B0}.Debug|Any CPU.Build.0 = Debug|Any CPU
		{0CBE91A2-28D5-48CC-AC25-FA5B3C9977B0}.Release|Any CPU.ActiveCfg = Release|Any CPU
		{0CBE91A2-28D5-48CC-AC25-FA5B3C9977B0}.Release|Any CPU.Build.0 = Release|Any CPU
		{201F495D-DCB5-4442-A830-D19DFCE1ACC4}.Debug|Any CPU.ActiveCfg = Debug|Any CPU
		{201F495D-DCB5-4442-A830-D19DFCE1ACC4}.Debug|Any CPU.Build.0 = Debug|Any CPU
		{201F495D-DCB5-4442-A830-D19DFCE1ACC4}.Release|Any CPU.ActiveCfg = Release|Any CPU
		{201F495D-DCB5-4442-A830-D19DFCE1ACC4}.Release|Any CPU.Build.0 = Release|Any CPU
		{61076DDB-E3D3-4636-A1F2-91821590019F}.Debug|Any CPU.ActiveCfg = Debug|Any CPU
		{61076DDB-E3D3-4636-A1F2-91821590019F}.Debug|Any CPU.Build.0 = Debug|Any CPU
		{61076DDB-E3D3-4636-A1F2-91821590019F}.Release|Any CPU.ActiveCfg = Release|Any CPU
		{61076DDB-E3D3-4636-A1F2-91821590019F}.Release|Any CPU.Build.0 = Release|Any CPU
		{2FFAEA61-DF7C-4050-A792-B3567263D20D}.Debug|Any CPU.ActiveCfg = Debug|Any CPU
		{2FFAEA61-DF7C-4050-A792-B3567263D20D}.Debug|Any CPU.Build.0 = Debug|Any CPU
		{2FFAEA61-DF7C-4050-A792-B3567263D20D}.Release|Any CPU.ActiveCfg = Release|Any CPU
		{2FFAEA61-DF7C-4050-A792-B3567263D20D}.Release|Any CPU.Build.0 = Release|Any CPU
		{8128A3AC-C388-4B11-9BD9-D3F47DA7C2E7}.Debug|Any CPU.ActiveCfg = Debug|Any CPU
		{8128A3AC-C388-4B11-9BD9-D3F47DA7C2E7}.Debug|Any CPU.Build.0 = Debug|Any CPU
		{8128A3AC-C388-4B11-9BD9-D3F47DA7C2E7}.Release|Any CPU.ActiveCfg = Release|Any CPU
		{8128A3AC-C388-4B11-9BD9-D3F47DA7C2E7}.Release|Any CPU.Build.0 = Release|Any CPU
	EndGlobalSection
	GlobalSection(SolutionProperties) = preSolution
		HideSolutionNode = FALSE
	EndGlobalSection
	GlobalSection(NestedProjects) = preSolution
		{201F495D-DCB5-4442-A830-D19DFCE1ACC4} = {8671236F-8E4A-4BF4-A930-0A6586A85C09}
		{61076DDB-E3D3-4636-A1F2-91821590019F} = {8671236F-8E4A-4BF4-A930-0A6586A85C09}
		{2FFAEA61-DF7C-4050-A792-B3567263D20D} = {8671236F-8E4A-4BF4-A930-0A6586A85C09}
		{8128A3AC-C388-4B11-9BD9-D3F47DA7C2E7} = {8671236F-8E4A-4BF4-A930-0A6586A85C09}
	EndGlobalSection
	GlobalSection(ExtensibilityGlobals) = postSolution
		SolutionGuid = {9D9299E2-357F-4BAC-893A-70A4E56CF6AF}
	EndGlobalSection
EndGlobal
